
Microsoft Visual Studio Solution File, Format Version 12.00
# Visual Studio Version 16
VisualStudioVersion = 16.0.30330.147
MinimumVisualStudioVersion = 10.0.40219.1
Project("{9A19103F-16F7-4668-BE54-9A1E7A4F7556}") = "SampleOneModels", "SampleOneModels\SampleOneModels.csproj", "{E1BA238B-262B-4E68-A8E0-D5C057AD6696}"
EndProject
Project("{9A19103F-16F7-4668-BE54-9A1E7A4F7556}") = "SampleOneClient", "SampleOneClient\SampleOneClient.csproj", "{C85C1F1F-593A-45A6-A3D8-EC69A2A6534C}"
EndProject
Project("{FAE04EC0-301F-11D3-BF4B-00C04F79EFBC}") = "SampleOneDTOs", "SampleOneDTOs\SampleOneDTOs.csproj", "{EE442016-1F00-47F3-9FEA-9597A7ED2AA0}"
EndProject
Project("{FAE04EC0-301F-11D3-BF4B-00C04F79EFBC}") = "SampleTwoModels", "SampleTwoModels\SampleTwoModels.csproj", "{C744F987-7012-454F-B4F3-CB29CAAC0891}"
EndProject
Project("{FAE04EC0-301F-11D3-BF4B-00C04F79EFBC}") = "SampleTwoDTOs", "SampleTwoDTOs\SampleTwoDTOs.csproj", "{F3FAD384-37E6-48BC-A9B1-78F9C0F565D6}"
EndProject
Project("{FAE04EC0-301F-11D3-BF4B-00C04F79EFBC}") = "SampleTwoClient", "SampleTwoClient\SampleTwoClient.csproj", "{01C6980A-CDED-42EA-AA34-AB8233FD3664}"
EndProject
Global
	GlobalSection(SolutionConfigurationPlatforms) = preSolution
		Debug|Any CPU = Debug|Any CPU
		Release|Any CPU = Release|Any CPU
	EndGlobalSection
	GlobalSection(ProjectConfigurationPlatforms) = postSolution
		{E1BA238B-262B-4E68-A8E0-D5C057AD6696}.Debug|Any CPU.ActiveCfg = Debug|Any CPU
		{E1BA238B-262B-4E68-A8E0-D5C057AD6696}.Debug|Any CPU.Build.0 = Debug|Any CPU
		{E1BA238B-262B-4E68-A8E0-D5C057AD6696}.Release|Any CPU.ActiveCfg = Release|Any CPU
		{E1BA238B-262B-4E68-A8E0-D5C057AD6696}.Release|Any CPU.Build.0 = Release|Any CPU
		{C85C1F1F-593A-45A6-A3D8-EC69A2A6534C}.Debug|Any CPU.ActiveCfg = Debug|Any CPU
		{C85C1F1F-593A-45A6-A3D8-EC69A2A6534C}.Debug|Any CPU.Build.0 = Debug|Any CPU
		{C85C1F1F-593A-45A6-A3D8-EC69A2A6534C}.Release|Any CPU.ActiveCfg = Release|Any CPU
		{C85C1F1F-593A-45A6-A3D8-EC69A2A6534C}.Release|Any CPU.Build.0 = Release|Any CPU
		{EE442016-1F00-47F3-9FEA-9597A7ED2AA0}.Debug|Any CPU.ActiveCfg = Debug|Any CPU
		{EE442016-1F00-47F3-9FEA-9597A7ED2AA0}.Debug|Any CPU.Build.0 = Debug|Any CPU
		{EE442016-1F00-47F3-9FEA-9597A7ED2AA0}.Release|Any CPU.ActiveCfg = Release|Any CPU
		{EE442016-1F00-47F3-9FEA-9597A7ED2AA0}.Release|Any CPU.Build.0 = Release|Any CPU
		{C744F987-7012-454F-B4F3-CB29CAAC0891}.Debug|Any CPU.ActiveCfg = Debug|Any CPU
		{C744F987-7012-454F-B4F3-CB29CAAC0891}.Debug|Any CPU.Build.0 = Debug|Any CPU
		{C744F987-7012-454F-B4F3-CB29CAAC0891}.Release|Any CPU.ActiveCfg = Release|Any CPU
		{C744F987-7012-454F-B4F3-CB29CAAC0891}.Release|Any CPU.Build.0 = Release|Any CPU
		{F3FAD384-37E6-48BC-A9B1-78F9C0F565D6}.Debug|Any CPU.ActiveCfg = Debug|Any CPU
		{F3FAD384-37E6-48BC-A9B1-78F9C0F565D6}.Debug|Any CPU.Build.0 = Debug|Any CPU
		{F3FAD384-37E6-48BC-A9B1-78F9C0F565D6}.Release|Any CPU.ActiveCfg = Release|Any CPU
		{F3FAD384-37E6-48BC-A9B1-78F9C0F565D6}.Release|Any CPU.Build.0 = Release|Any CPU
		{01C6980A-CDED-42EA-AA34-AB8233FD3664}.Debug|Any CPU.ActiveCfg = Debug|Any CPU
		{01C6980A-CDED-42EA-AA34-AB8233FD3664}.Debug|Any CPU.Build.0 = Debug|Any CPU
		{01C6980A-CDED-42EA-AA34-AB8233FD3664}.Release|Any CPU.ActiveCfg = Release|Any CPU
		{01C6980A-CDED-42EA-AA34-AB8233FD3664}.Release|Any CPU.Build.0 = Release|Any CPU
	EndGlobalSection
	GlobalSection(SolutionProperties) = preSolution
		HideSolutionNode = FALSE
	EndGlobalSection
	GlobalSection(ExtensibilityGlobals) = postSolution
		SolutionGuid = {E0C19666-EF7D-4F78-B9DC-1D9001236575}
	EndGlobalSection
EndGlobal
